{
  "R": {
    "Version": "4.1.1",
    "Repositories": [
      {
        "Name": "CRAN",
        "URL": "https://cran.rstudio.com"
      }
    ]
  },
  "Packages": {
    "Rcpp": {
      "Package": "Rcpp",
      "Version": "1.0.8",
      "Source": "Repository",
      "Repository": "CRAN",
      "Hash": "22b546dd7e337f6c0c58a39983a496bc"
    },
    "lattice": {
      "Package": "lattice",
      "Version": "0.20-45",
      "Source": "Repository",
      "Repository": "CRAN",
      "Hash": "b64cdbb2b340437c4ee047a1f4c4377b"
    },
    "mnormt": {
      "Package": "mnormt",
      "Version": "2.0.2",
      "Source": "Repository",
      "Repository": "CRAN",
      "Hash": "7e6ee68a01d6c87c69087d4a250ee763"
    },
    "nlme": {
      "Package": "nlme",
      "Version": "3.1-153",
      "Source": "Repository",
      "Repository": "CRAN",
      "Hash": "2d632e0d963a653a0329756ce701ecdd"
    },
    "openxlsx": {
      "Package": "openxlsx",
      "Version": "4.2.5",
      "Source": "Repository",
      "Repository": "CRAN",
      "Hash": "fc5e0e85d3a1e4282f04f303627b7e72"
    },
    "psych": {
      "Package": "psych",
      "Version": "2.1.9",
      "Source": "Repository",
      "Repository": "CRAN",
      "Hash": "ffa6d4c281173358806341ad7d0029a0"
    },
    "renv": {
      "Package": "renv",
      "Version": "0.13.2-32",
      "Source": "Repository",
      "Repository": "CRAN",
      "Hash": "6c6243e3c54c080278508b117fb51a56"
    },
    "stringi": {
      "Package": "stringi",
      "Version": "1.7.6",
      "Source": "Repository",
      "Repository": "CRAN",
      "Hash": "bba431031d30789535745a9627ac9271"
    },
    "tmvnsim": {
      "Package": "tmvnsim",
      "Version": "1.0-2",
      "Source": "Repository",
      "Repository": "CRAN",
      "Hash": "50470c7ed0cc8099cbc17b38f0ef621f"
    },
    "zip": {
      "Package": "zip",
      "Version": "2.2.0",
      "Source": "Repository",
      "Repository": "CRAN",
      "Hash": "c7eef2996ac270a18c2715c997a727c5"
    }
  }
}
